
Microsoft Visual Studio Solution File, Format Version 12.00
Project("{FAE04EC0-301F-11D3-BF4B-00C04F79EFBC}") = "Atc.Data", "Atc.Data\Atc.Data.csproj", "{EBEAAFA1-3578-4BD2-9E5E-4FD5D874BD68}"
EndProject
Project("{FAE04EC0-301F-11D3-BF4B-00C04F79EFBC}") = "Atc.Data.Tests", "Atc.Data.Tests\Atc.Data.Tests.csproj", "{5AD2CF4B-08E5-471D-9C61-8A35D8FBF0E5}"
EndProject
Project("{FAE04EC0-301F-11D3-BF4B-00C04F79EFBC}") = "Zero.Serialization.Buffers", "Zero.Serialization.Buffers\Zero.Serialization.Buffers.csproj", "{EAF325C2-B694-4468-B33D-2CDD266DAF81}"
EndProject
Project("{FAE04EC0-301F-11D3-BF4B-00C04F79EFBC}") = "Zero.Serialization.Buffers.Tests", "Zero.Serialization.Buffers.Tests\Zero.Serialization.Buffers.Tests.csproj", "{06FD3D43-0830-47F4-B600-6F651FC16FF0}"
EndProject
Global
	GlobalSection(SolutionConfigurationPlatforms) = preSolution
		Debug|Any CPU = Debug|Any CPU
		Release|Any CPU = Release|Any CPU
	EndGlobalSection
	GlobalSection(ProjectConfigurationPlatforms) = postSolution
		{EBEAAFA1-3578-4BD2-9E5E-4FD5D874BD68}.Debug|Any CPU.ActiveCfg = Debug|Any CPU
		{EBEAAFA1-3578-4BD2-9E5E-4FD5D874BD68}.Debug|Any CPU.Build.0 = Debug|Any CPU
		{EBEAAFA1-3578-4BD2-9E5E-4FD5D874BD68}.Release|Any CPU.ActiveCfg = Release|Any CPU
		{EBEAAFA1-3578-4BD2-9E5E-4FD5D874BD68}.Release|Any CPU.Build.0 = Release|Any CPU
		{5AD2CF4B-08E5-471D-9C61-8A35D8FBF0E5}.Debug|Any CPU.ActiveCfg = Debug|Any CPU
		{5AD2CF4B-08E5-471D-9C61-8A35D8FBF0E5}.Debug|Any CPU.Build.0 = Debug|Any CPU
		{5AD2CF4B-08E5-471D-9C61-8A35D8FBF0E5}.Release|Any CPU.ActiveCfg = Release|Any CPU
		{5AD2CF4B-08E5-471D-9C61-8A35D8FBF0E5}.Release|Any CPU.Build.0 = Release|Any CPU
		{EAF325C2-B694-4468-B33D-2CDD266DAF81}.Debug|Any CPU.ActiveCfg = Debug|Any CPU
		{EAF325C2-B694-4468-B33D-2CDD266DAF81}.Debug|Any CPU.Build.0 = Debug|Any CPU
		{EAF325C2-B694-4468-B33D-2CDD266DAF81}.Release|Any CPU.ActiveCfg = Release|Any CPU
		{EAF325C2-B694-4468-B33D-2CDD266DAF81}.Release|Any CPU.Build.0 = Release|Any CPU
		{06FD3D43-0830-47F4-B600-6F651FC16FF0}.Debug|Any CPU.ActiveCfg = Debug|Any CPU
		{06FD3D43-0830-47F4-B600-6F651FC16FF0}.Debug|Any CPU.Build.0 = Debug|Any CPU
		{06FD3D43-0830-47F4-B600-6F651FC16FF0}.Release|Any CPU.ActiveCfg = Release|Any CPU
		{06FD3D43-0830-47F4-B600-6F651FC16FF0}.Release|Any CPU.Build.0 = Release|Any CPU
	EndGlobalSection
EndGlobal
