
Microsoft Visual Studio Solution File, Format Version 12.00
Project("{FAE04EC0-301F-11D3-BF4B-00C04F79EFBC}") = "Atc.Data", "Atc.Data\Atc.Data.csproj", "{EBEAAFA1-3578-4BD2-9E5E-4FD5D874BD68}"
EndProject
Project("{FAE04EC0-301F-11D3-BF4B-00C04F79EFBC}") = "Atc.Data.Tests", "Atc.Data.Tests\Atc.Data.Tests.csproj", "{5AD2CF4B-08E5-471D-9C61-8A35D8FBF0E5}"
EndProject
Project("{FAE04EC0-301F-11D3-BF4B-00C04F79EFBC}") = "Zero.Serialization.Buffers", "Zero.Serialization.Buffers\Zero.Serialization.Buffers.csproj", "{EAF325C2-B694-4468-B33D-2CDD266DAF81}"
EndProject
Project("{FAE04EC0-301F-11D3-BF4B-00C04F79EFBC}") = "Zero.Serialization.Buffers.Tests", "Zero.Serialization.Buffers.Tests\Zero.Serialization.Buffers.Tests.csproj", "{06FD3D43-0830-47F4-B600-6F651FC16FF0}"
EndProject
Project("{FAE04EC0-301F-11D3-BF4B-00C04F79EFBC}") = "Atc.Data.Cli", "Atc.Data.Cli\Atc.Data.Cli.csproj", "{D880B907-9FC2-441E-BABF-171157C9AABB}"
EndProject
Project("{FAE04EC0-301F-11D3-BF4B-00C04F79EFBC}") = "Atc.Data.Sources", "Atc.Data.Sources\Atc.Data.Sources.csproj", "{61C1FA77-C9B4-41E8-8D28-A983CEB925B3}"
EndProject
Project("{2150E333-8FDC-42A3-9474-1A3956D46DE8}") = "Atc.Data", "Atc.Data", "{0A349B2A-F72D-439D-8B71-0612F636FD18}"
EndProject
Project("{2150E333-8FDC-42A3-9474-1A3956D46DE8}") = "Zero.Serialization.Buffers", "Zero.Serialization.Buffers", "{75A9D87A-B53E-415E-9407-D10FC43BA3E6}"
EndProject
Project("{2150E333-8FDC-42A3-9474-1A3956D46DE8}") = "Atc.Data.Sources", "Atc.Data.Sources", "{89B30273-218E-4663-8D20-4D48C9FF5504}"
EndProject
Project("{2150E333-8FDC-42A3-9474-1A3956D46DE8}") = "Atc.Data.Cli", "Atc.Data.Cli", "{4E576CBA-2517-4E11-8338-C4AD2346103F}"
EndProject
Project("{FAE04EC0-301F-11D3-BF4B-00C04F79EFBC}") = "Atc.Math", "Atc.Math\Atc.Math.csproj", "{68392C6E-469A-4183-B217-16833C95E704}"
EndProject
Project("{2150E333-8FDC-42A3-9474-1A3956D46DE8}") = "Atc.Math", "Atc.Math", "{FA2C143F-5BB4-4560-A981-3C824E969577}"
EndProject
Project("{FAE04EC0-301F-11D3-BF4B-00C04F79EFBC}") = "Atc.Data.Sources.Tests", "Atc.Data.Sources.Tests\Atc.Data.Sources.Tests.csproj", "{CC2398B1-C032-4653-A943-0F535EC4A1C2}"
EndProject
Global
	GlobalSection(SolutionConfigurationPlatforms) = preSolution
		Debug|Any CPU = Debug|Any CPU
		Release|Any CPU = Release|Any CPU
	EndGlobalSection
	GlobalSection(ProjectConfigurationPlatforms) = postSolution
		{EBEAAFA1-3578-4BD2-9E5E-4FD5D874BD68}.Debug|Any CPU.ActiveCfg = Debug|Any CPU
		{EBEAAFA1-3578-4BD2-9E5E-4FD5D874BD68}.Debug|Any CPU.Build.0 = Debug|Any CPU
		{EBEAAFA1-3578-4BD2-9E5E-4FD5D874BD68}.Release|Any CPU.ActiveCfg = Release|Any CPU
		{EBEAAFA1-3578-4BD2-9E5E-4FD5D874BD68}.Release|Any CPU.Build.0 = Release|Any CPU
		{5AD2CF4B-08E5-471D-9C61-8A35D8FBF0E5}.Debug|Any CPU.ActiveCfg = Debug|Any CPU
		{5AD2CF4B-08E5-471D-9C61-8A35D8FBF0E5}.Debug|Any CPU.Build.0 = Debug|Any CPU
		{5AD2CF4B-08E5-471D-9C61-8A35D8FBF0E5}.Release|Any CPU.ActiveCfg = Release|Any CPU
		{5AD2CF4B-08E5-471D-9C61-8A35D8FBF0E5}.Release|Any CPU.Build.0 = Release|Any CPU
		{EAF325C2-B694-4468-B33D-2CDD266DAF81}.Debug|Any CPU.ActiveCfg = Debug|Any CPU
		{EAF325C2-B694-4468-B33D-2CDD266DAF81}.Debug|Any CPU.Build.0 = Debug|Any CPU
		{EAF325C2-B694-4468-B33D-2CDD266DAF81}.Release|Any CPU.ActiveCfg = Release|Any CPU
		{EAF325C2-B694-4468-B33D-2CDD266DAF81}.Release|Any CPU.Build.0 = Release|Any CPU
		{06FD3D43-0830-47F4-B600-6F651FC16FF0}.Debug|Any CPU.ActiveCfg = Debug|Any CPU
		{06FD3D43-0830-47F4-B600-6F651FC16FF0}.Debug|Any CPU.Build.0 = Debug|Any CPU
		{06FD3D43-0830-47F4-B600-6F651FC16FF0}.Release|Any CPU.ActiveCfg = Release|Any CPU
		{06FD3D43-0830-47F4-B600-6F651FC16FF0}.Release|Any CPU.Build.0 = Release|Any CPU
		{D880B907-9FC2-441E-BABF-171157C9AABB}.Debug|Any CPU.ActiveCfg = Debug|Any CPU
		{D880B907-9FC2-441E-BABF-171157C9AABB}.Debug|Any CPU.Build.0 = Debug|Any CPU
		{D880B907-9FC2-441E-BABF-171157C9AABB}.Release|Any CPU.ActiveCfg = Release|Any CPU
		{D880B907-9FC2-441E-BABF-171157C9AABB}.Release|Any CPU.Build.0 = Release|Any CPU
		{61C1FA77-C9B4-41E8-8D28-A983CEB925B3}.Debug|Any CPU.ActiveCfg = Debug|Any CPU
		{61C1FA77-C9B4-41E8-8D28-A983CEB925B3}.Debug|Any CPU.Build.0 = Debug|Any CPU
		{61C1FA77-C9B4-41E8-8D28-A983CEB925B3}.Release|Any CPU.ActiveCfg = Release|Any CPU
		{61C1FA77-C9B4-41E8-8D28-A983CEB925B3}.Release|Any CPU.Build.0 = Release|Any CPU
		{68392C6E-469A-4183-B217-16833C95E704}.Debug|Any CPU.ActiveCfg = Debug|Any CPU
		{68392C6E-469A-4183-B217-16833C95E704}.Debug|Any CPU.Build.0 = Debug|Any CPU
		{68392C6E-469A-4183-B217-16833C95E704}.Release|Any CPU.ActiveCfg = Release|Any CPU
		{68392C6E-469A-4183-B217-16833C95E704}.Release|Any CPU.Build.0 = Release|Any CPU
		{CC2398B1-C032-4653-A943-0F535EC4A1C2}.Debug|Any CPU.ActiveCfg = Debug|Any CPU
		{CC2398B1-C032-4653-A943-0F535EC4A1C2}.Debug|Any CPU.Build.0 = Debug|Any CPU
		{CC2398B1-C032-4653-A943-0F535EC4A1C2}.Release|Any CPU.ActiveCfg = Release|Any CPU
		{CC2398B1-C032-4653-A943-0F535EC4A1C2}.Release|Any CPU.Build.0 = Release|Any CPU
	EndGlobalSection
	GlobalSection(NestedProjects) = preSolution
		{EBEAAFA1-3578-4BD2-9E5E-4FD5D874BD68} = {0A349B2A-F72D-439D-8B71-0612F636FD18}
		{5AD2CF4B-08E5-471D-9C61-8A35D8FBF0E5} = {0A349B2A-F72D-439D-8B71-0612F636FD18}
		{EAF325C2-B694-4468-B33D-2CDD266DAF81} = {75A9D87A-B53E-415E-9407-D10FC43BA3E6}
		{06FD3D43-0830-47F4-B600-6F651FC16FF0} = {75A9D87A-B53E-415E-9407-D10FC43BA3E6}
		{61C1FA77-C9B4-41E8-8D28-A983CEB925B3} = {89B30273-218E-4663-8D20-4D48C9FF5504}
		{D880B907-9FC2-441E-BABF-171157C9AABB} = {4E576CBA-2517-4E11-8338-C4AD2346103F}
		{68392C6E-469A-4183-B217-16833C95E704} = {FA2C143F-5BB4-4560-A981-3C824E969577}
		{CC2398B1-C032-4653-A943-0F535EC4A1C2} = {89B30273-218E-4663-8D20-4D48C9FF5504}
	EndGlobalSection
EndGlobal
