
Microsoft Visual Studio Solution File, Format Version 12.00
# Visual Studio Version 16
VisualStudioVersion = 16.0.30114.105
MinimumVisualStudioVersion = 10.0.40219.1
Project("{FAE04EC0-301F-11D3-BF4B-00C04F79EFBC}") = "Atc.Grains", "Atc.Grains\Atc.Grains.csproj", "{1820E4D9-2975-4932-A902-713B8CA4942B}"
EndProject
Project("{FAE04EC0-301F-11D3-BF4B-00C04F79EFBC}") = "Atc.Grains.Tests", "Atc.Grains.Tests\Atc.Grains.Tests.csproj", "{599C6531-11A0-4F51-8B56-867D8400BF2F}"
EndProject
Project("{FAE04EC0-301F-11D3-BF4B-00C04F79EFBC}") = "Atc.Server", "Atc.Server\Atc.Server.csproj", "{B48DA4AD-CF1F-4EE0-B2A9-5B16E74FF347}"
EndProject
Project("{FAE04EC0-301F-11D3-BF4B-00C04F79EFBC}") = "Atc.Telemetry", "Atc.Telemetry\Atc.Telemetry.csproj", "{CB90CCE1-1E89-4A32-A6D6-4E113D562192}"
EndProject
Project("{FAE04EC0-301F-11D3-BF4B-00C04F79EFBC}") = "Atc.Telemetry.Impl", "Atc.Telemetry.Impl\Atc.Telemetry.Impl.csproj", "{693CAE4B-B375-4F3D-9444-F27DB0012FAA}"
EndProject
Project("{FAE04EC0-301F-11D3-BF4B-00C04F79EFBC}") = "Atc.Server.Tests", "Atc.Server.Tests\Atc.Server.Tests.csproj", "{7D8A6F97-44CA-497D-AB7F-30B7E59AA93C}"
EndProject
Project("{FAE04EC0-301F-11D3-BF4B-00C04F79EFBC}") = "Atc.Maths", "Atc.Maths\Atc.Maths.csproj", "{7F945806-72B4-4671-AE4D-D4C9F4783AE5}"
EndProject
Project("{FAE04EC0-301F-11D3-BF4B-00C04F79EFBC}") = "Atc.Maths.Tests", "Atc.Maths.Tests\Atc.Maths.Tests.csproj", "{1AEFFCA7-B580-4009-B51B-D0CEBF39E8CF}"
EndProject
Project("{FAE04EC0-301F-11D3-BF4B-00C04F79EFBC}") = "Atc.World.Contracts", "Atc.World.Contracts\Atc.World.Contracts.csproj", "{BCD7EB61-8E42-4487-85B1-1C32958A7E30}"
EndProject
Project("{FAE04EC0-301F-11D3-BF4B-00C04F79EFBC}") = "Atc.World", "Atc.World\Atc.World.csproj", "{7F5AE4EE-334C-40A6-81F6-EB751E8EE7DA}"
EndProject
Project("{FAE04EC0-301F-11D3-BF4B-00C04F79EFBC}") = "Atc.World.Tests", "Atc.World.Tests\Atc.World.Tests.csproj", "{D44CFBBD-DE48-478E-9AE2-652E7317D0F2}"
EndProject
Project("{FAE04EC0-301F-11D3-BF4B-00C04F79EFBC}") = "Atc.Speech.AzurePlugin", "Atc.Speech.AzurePlugin\Atc.Speech.AzurePlugin.csproj", "{54C11BCD-1A0D-4CF1-971A-A114E0D92B5E}"
EndProject
Project("{FAE04EC0-301F-11D3-BF4B-00C04F79EFBC}") = "Atc.Sound.OpenAL", "Atc.Sound.OpenAL\Atc.Sound.OpenAL.csproj", "{2AD8E0A0-F223-47F5-B64A-45EA55771F0E}"
EndProject
Project("{FAE04EC0-301F-11D3-BF4B-00C04F79EFBC}") = "Atc.Telemetry.Tests", "Atc.Telemetry.Tests\Atc.Telemetry.Tests.csproj", "{4A2345C1-4887-4C2F-B14C-AFF26977A758}"
EndProject
Project("{FAE04EC0-301F-11D3-BF4B-00C04F79EFBC}") = "Atc.Telemetry.Exporters.CodePath", "Atc.Telemetry.Exporters.CodePath\Atc.Telemetry.Exporters.CodePath.csproj", "{08311F6B-CDA2-48A4-BA4A-BFB8BEEB9E82}"
EndProject
Project("{FAE04EC0-301F-11D3-BF4B-00C04F79EFBC}") = "Atc.Telemetry.Generators", "Atc.Telemetry.Generators\Atc.Telemetry.Generators.csproj", "{5EC350A3-50A0-404B-B528-CEA862BC67D8}"
EndProject
Project("{FAE04EC0-301F-11D3-BF4B-00C04F79EFBC}") = "Atc.Utilities", "Atc.Utilities\Atc.Utilities.csproj", "{F9246551-4202-41C8-8B17-395BE4C54B46}"
EndProject
Project("{FAE04EC0-301F-11D3-BF4B-00C04F79EFBC}") = "Atc.Daemon", "Atc.Daemon\Atc.Daemon.csproj", "{93083AE2-3F8F-41F9-9E86-B9D5213F3B6F}"
EndProject
Project("{FAE04EC0-301F-11D3-BF4B-00C04F79EFBC}") = "Atc.Daemon.Tests", "Atc.Daemon.Tests\Atc.Daemon.Tests.csproj", "{FD92FD28-223A-4400-AEA4-B10A930BD3CF}"
EndProject
Project("{FAE04EC0-301F-11D3-BF4B-00C04F79EFBC}") = "Atc.Daemon.Contracts", "Atc.Daemon.Contracts\Atc.Daemon.Contracts.csproj", "{EB167130-631E-4D07-A336-B0C43FBF420C}"
EndProject
Project("{FAE04EC0-301F-11D3-BF4B-00C04F79EFBC}") = "Atc.Daemon.Cli", "Atc.Daemon.Cli\Atc.Daemon.Cli.csproj", "{D6112536-34AE-4177-BEDE-F1347296C2C1}"
EndProject
Global
	GlobalSection(SolutionConfigurationPlatforms) = preSolution
		Debug|Any CPU = Debug|Any CPU
		Release|Any CPU = Release|Any CPU
	EndGlobalSection
	GlobalSection(SolutionProperties) = preSolution
		HideSolutionNode = FALSE
	EndGlobalSection
	GlobalSection(ProjectConfigurationPlatforms) = postSolution
		{1820E4D9-2975-4932-A902-713B8CA4942B}.Debug|Any CPU.ActiveCfg = Debug|Any CPU
		{1820E4D9-2975-4932-A902-713B8CA4942B}.Debug|Any CPU.Build.0 = Debug|Any CPU
		{1820E4D9-2975-4932-A902-713B8CA4942B}.Release|Any CPU.ActiveCfg = Release|Any CPU
		{1820E4D9-2975-4932-A902-713B8CA4942B}.Release|Any CPU.Build.0 = Release|Any CPU
		{599C6531-11A0-4F51-8B56-867D8400BF2F}.Debug|Any CPU.ActiveCfg = Debug|Any CPU
		{599C6531-11A0-4F51-8B56-867D8400BF2F}.Debug|Any CPU.Build.0 = Debug|Any CPU
		{599C6531-11A0-4F51-8B56-867D8400BF2F}.Release|Any CPU.ActiveCfg = Release|Any CPU
		{599C6531-11A0-4F51-8B56-867D8400BF2F}.Release|Any CPU.Build.0 = Release|Any CPU
		{B48DA4AD-CF1F-4EE0-B2A9-5B16E74FF347}.Debug|Any CPU.ActiveCfg = Debug|Any CPU
		{B48DA4AD-CF1F-4EE0-B2A9-5B16E74FF347}.Debug|Any CPU.Build.0 = Debug|Any CPU
		{B48DA4AD-CF1F-4EE0-B2A9-5B16E74FF347}.Release|Any CPU.ActiveCfg = Release|Any CPU
		{B48DA4AD-CF1F-4EE0-B2A9-5B16E74FF347}.Release|Any CPU.Build.0 = Release|Any CPU
		{CB90CCE1-1E89-4A32-A6D6-4E113D562192}.Debug|Any CPU.ActiveCfg = Debug|Any CPU
		{CB90CCE1-1E89-4A32-A6D6-4E113D562192}.Debug|Any CPU.Build.0 = Debug|Any CPU
		{CB90CCE1-1E89-4A32-A6D6-4E113D562192}.Release|Any CPU.ActiveCfg = Release|Any CPU
		{CB90CCE1-1E89-4A32-A6D6-4E113D562192}.Release|Any CPU.Build.0 = Release|Any CPU
		{693CAE4B-B375-4F3D-9444-F27DB0012FAA}.Debug|Any CPU.ActiveCfg = Debug|Any CPU
		{693CAE4B-B375-4F3D-9444-F27DB0012FAA}.Debug|Any CPU.Build.0 = Debug|Any CPU
		{693CAE4B-B375-4F3D-9444-F27DB0012FAA}.Release|Any CPU.ActiveCfg = Release|Any CPU
		{693CAE4B-B375-4F3D-9444-F27DB0012FAA}.Release|Any CPU.Build.0 = Release|Any CPU
		{7D8A6F97-44CA-497D-AB7F-30B7E59AA93C}.Debug|Any CPU.ActiveCfg = Debug|Any CPU
		{7D8A6F97-44CA-497D-AB7F-30B7E59AA93C}.Debug|Any CPU.Build.0 = Debug|Any CPU
		{7D8A6F97-44CA-497D-AB7F-30B7E59AA93C}.Release|Any CPU.ActiveCfg = Release|Any CPU
		{7D8A6F97-44CA-497D-AB7F-30B7E59AA93C}.Release|Any CPU.Build.0 = Release|Any CPU
		{7F945806-72B4-4671-AE4D-D4C9F4783AE5}.Debug|Any CPU.ActiveCfg = Debug|Any CPU
		{7F945806-72B4-4671-AE4D-D4C9F4783AE5}.Debug|Any CPU.Build.0 = Debug|Any CPU
		{7F945806-72B4-4671-AE4D-D4C9F4783AE5}.Release|Any CPU.ActiveCfg = Release|Any CPU
		{7F945806-72B4-4671-AE4D-D4C9F4783AE5}.Release|Any CPU.Build.0 = Release|Any CPU
		{1AEFFCA7-B580-4009-B51B-D0CEBF39E8CF}.Debug|Any CPU.ActiveCfg = Debug|Any CPU
		{1AEFFCA7-B580-4009-B51B-D0CEBF39E8CF}.Debug|Any CPU.Build.0 = Debug|Any CPU
		{1AEFFCA7-B580-4009-B51B-D0CEBF39E8CF}.Release|Any CPU.ActiveCfg = Release|Any CPU
		{1AEFFCA7-B580-4009-B51B-D0CEBF39E8CF}.Release|Any CPU.Build.0 = Release|Any CPU
		{BCD7EB61-8E42-4487-85B1-1C32958A7E30}.Debug|Any CPU.ActiveCfg = Debug|Any CPU
		{BCD7EB61-8E42-4487-85B1-1C32958A7E30}.Debug|Any CPU.Build.0 = Debug|Any CPU
		{BCD7EB61-8E42-4487-85B1-1C32958A7E30}.Release|Any CPU.ActiveCfg = Release|Any CPU
		{BCD7EB61-8E42-4487-85B1-1C32958A7E30}.Release|Any CPU.Build.0 = Release|Any CPU
		{7F5AE4EE-334C-40A6-81F6-EB751E8EE7DA}.Debug|Any CPU.ActiveCfg = Debug|Any CPU
		{7F5AE4EE-334C-40A6-81F6-EB751E8EE7DA}.Debug|Any CPU.Build.0 = Debug|Any CPU
		{7F5AE4EE-334C-40A6-81F6-EB751E8EE7DA}.Release|Any CPU.ActiveCfg = Release|Any CPU
		{7F5AE4EE-334C-40A6-81F6-EB751E8EE7DA}.Release|Any CPU.Build.0 = Release|Any CPU
		{D44CFBBD-DE48-478E-9AE2-652E7317D0F2}.Debug|Any CPU.ActiveCfg = Debug|Any CPU
		{D44CFBBD-DE48-478E-9AE2-652E7317D0F2}.Debug|Any CPU.Build.0 = Debug|Any CPU
		{D44CFBBD-DE48-478E-9AE2-652E7317D0F2}.Release|Any CPU.ActiveCfg = Release|Any CPU
		{D44CFBBD-DE48-478E-9AE2-652E7317D0F2}.Release|Any CPU.Build.0 = Release|Any CPU
		{54C11BCD-1A0D-4CF1-971A-A114E0D92B5E}.Debug|Any CPU.ActiveCfg = Debug|Any CPU
		{54C11BCD-1A0D-4CF1-971A-A114E0D92B5E}.Debug|Any CPU.Build.0 = Debug|Any CPU
		{54C11BCD-1A0D-4CF1-971A-A114E0D92B5E}.Release|Any CPU.ActiveCfg = Release|Any CPU
		{54C11BCD-1A0D-4CF1-971A-A114E0D92B5E}.Release|Any CPU.Build.0 = Release|Any CPU
		{2AD8E0A0-F223-47F5-B64A-45EA55771F0E}.Debug|Any CPU.ActiveCfg = Debug|Any CPU
		{2AD8E0A0-F223-47F5-B64A-45EA55771F0E}.Debug|Any CPU.Build.0 = Debug|Any CPU
		{2AD8E0A0-F223-47F5-B64A-45EA55771F0E}.Release|Any CPU.ActiveCfg = Release|Any CPU
		{2AD8E0A0-F223-47F5-B64A-45EA55771F0E}.Release|Any CPU.Build.0 = Release|Any CPU
		{4A2345C1-4887-4C2F-B14C-AFF26977A758}.Debug|Any CPU.ActiveCfg = Debug|Any CPU
		{4A2345C1-4887-4C2F-B14C-AFF26977A758}.Debug|Any CPU.Build.0 = Debug|Any CPU
		{4A2345C1-4887-4C2F-B14C-AFF26977A758}.Release|Any CPU.ActiveCfg = Release|Any CPU
		{4A2345C1-4887-4C2F-B14C-AFF26977A758}.Release|Any CPU.Build.0 = Release|Any CPU
		{08311F6B-CDA2-48A4-BA4A-BFB8BEEB9E82}.Debug|Any CPU.ActiveCfg = Debug|Any CPU
		{08311F6B-CDA2-48A4-BA4A-BFB8BEEB9E82}.Debug|Any CPU.Build.0 = Debug|Any CPU
		{08311F6B-CDA2-48A4-BA4A-BFB8BEEB9E82}.Release|Any CPU.ActiveCfg = Release|Any CPU
		{08311F6B-CDA2-48A4-BA4A-BFB8BEEB9E82}.Release|Any CPU.Build.0 = Release|Any CPU
		{5EC350A3-50A0-404B-B528-CEA862BC67D8}.Debug|Any CPU.ActiveCfg = Debug|Any CPU
		{5EC350A3-50A0-404B-B528-CEA862BC67D8}.Debug|Any CPU.Build.0 = Debug|Any CPU
		{5EC350A3-50A0-404B-B528-CEA862BC67D8}.Release|Any CPU.ActiveCfg = Release|Any CPU
		{5EC350A3-50A0-404B-B528-CEA862BC67D8}.Release|Any CPU.Build.0 = Release|Any CPU
		{F9246551-4202-41C8-8B17-395BE4C54B46}.Debug|Any CPU.ActiveCfg = Debug|Any CPU
		{F9246551-4202-41C8-8B17-395BE4C54B46}.Debug|Any CPU.Build.0 = Debug|Any CPU
		{F9246551-4202-41C8-8B17-395BE4C54B46}.Release|Any CPU.ActiveCfg = Release|Any CPU
		{F9246551-4202-41C8-8B17-395BE4C54B46}.Release|Any CPU.Build.0 = Release|Any CPU
		{93083AE2-3F8F-41F9-9E86-B9D5213F3B6F}.Debug|Any CPU.ActiveCfg = Debug|Any CPU
		{93083AE2-3F8F-41F9-9E86-B9D5213F3B6F}.Debug|Any CPU.Build.0 = Debug|Any CPU
		{93083AE2-3F8F-41F9-9E86-B9D5213F3B6F}.Release|Any CPU.ActiveCfg = Release|Any CPU
		{93083AE2-3F8F-41F9-9E86-B9D5213F3B6F}.Release|Any CPU.Build.0 = Release|Any CPU
		{FD92FD28-223A-4400-AEA4-B10A930BD3CF}.Debug|Any CPU.ActiveCfg = Debug|Any CPU
		{FD92FD28-223A-4400-AEA4-B10A930BD3CF}.Debug|Any CPU.Build.0 = Debug|Any CPU
		{FD92FD28-223A-4400-AEA4-B10A930BD3CF}.Release|Any CPU.ActiveCfg = Release|Any CPU
		{FD92FD28-223A-4400-AEA4-B10A930BD3CF}.Release|Any CPU.Build.0 = Release|Any CPU
		{EB167130-631E-4D07-A336-B0C43FBF420C}.Debug|Any CPU.ActiveCfg = Debug|Any CPU
		{EB167130-631E-4D07-A336-B0C43FBF420C}.Debug|Any CPU.Build.0 = Debug|Any CPU
		{EB167130-631E-4D07-A336-B0C43FBF420C}.Release|Any CPU.ActiveCfg = Release|Any CPU
		{EB167130-631E-4D07-A336-B0C43FBF420C}.Release|Any CPU.Build.0 = Release|Any CPU
		{D6112536-34AE-4177-BEDE-F1347296C2C1}.Debug|Any CPU.ActiveCfg = Debug|Any CPU
		{D6112536-34AE-4177-BEDE-F1347296C2C1}.Debug|Any CPU.Build.0 = Debug|Any CPU
		{D6112536-34AE-4177-BEDE-F1347296C2C1}.Release|Any CPU.ActiveCfg = Release|Any CPU
		{D6112536-34AE-4177-BEDE-F1347296C2C1}.Release|Any CPU.Build.0 = Release|Any CPU
	EndGlobalSection
EndGlobal
