
Microsoft Visual Studio Solution File, Format Version 12.00
# Visual Studio Version 16
VisualStudioVersion = 16.0.30114.105
MinimumVisualStudioVersion = 10.0.40219.1
Project("{FAE04EC0-301F-11D3-BF4B-00C04F79EFBC}") = "Atc.Grains", "Atc.Grains\Atc.Grains.csproj", "{1820E4D9-2975-4932-A902-713B8CA4942B}"
EndProject
Project("{FAE04EC0-301F-11D3-BF4B-00C04F79EFBC}") = "Atc.Grains.Tests", "Atc.Grains.Tests\Atc.Grains.Tests.csproj", "{599C6531-11A0-4F51-8B56-867D8400BF2F}"
EndProject
Global
	GlobalSection(SolutionConfigurationPlatforms) = preSolution
		Debug|Any CPU = Debug|Any CPU
		Release|Any CPU = Release|Any CPU
	EndGlobalSection
	GlobalSection(SolutionProperties) = preSolution
		HideSolutionNode = FALSE
	EndGlobalSection
	GlobalSection(ProjectConfigurationPlatforms) = postSolution
		{1820E4D9-2975-4932-A902-713B8CA4942B}.Debug|Any CPU.ActiveCfg = Debug|Any CPU
		{1820E4D9-2975-4932-A902-713B8CA4942B}.Debug|Any CPU.Build.0 = Debug|Any CPU
		{1820E4D9-2975-4932-A902-713B8CA4942B}.Release|Any CPU.ActiveCfg = Release|Any CPU
		{1820E4D9-2975-4932-A902-713B8CA4942B}.Release|Any CPU.Build.0 = Release|Any CPU
		{599C6531-11A0-4F51-8B56-867D8400BF2F}.Debug|Any CPU.ActiveCfg = Debug|Any CPU
		{599C6531-11A0-4F51-8B56-867D8400BF2F}.Debug|Any CPU.Build.0 = Debug|Any CPU
		{599C6531-11A0-4F51-8B56-867D8400BF2F}.Release|Any CPU.ActiveCfg = Release|Any CPU
		{599C6531-11A0-4F51-8B56-867D8400BF2F}.Release|Any CPU.Build.0 = Release|Any CPU
	EndGlobalSection
EndGlobal
